
Microsoft Visual Studio Solution File, Format Version 12.00
# Visual Studio Version 17
VisualStudioVersion = 17.14.36301.6 d17.14
MinimumVisualStudioVersion = 10.0.40219.1
Project("{FAE04EC0-301F-11D3-BF4B-00C04F79EFBC}") = "Lagerverwaltung", "Lagerverwaltung\Lagerverwaltung.csproj", "{5779A3F7-16ED-436A-A05D-A4A2E8638C22}"
EndProject
Global
	GlobalSection(SolutionConfigurationPlatforms) = preSolution
		Debug|Any CPU = Debug|Any CPU
		Release|Any CPU = Release|Any CPU
	EndGlobalSection
	GlobalSection(ProjectConfigurationPlatforms) = postSolution
		{5779A3F7-16ED-436A-A05D-A4A2E8638C22}.Debug|Any CPU.ActiveCfg = Debug|Any CPU
		{5779A3F7-16ED-436A-A05D-A4A2E8638C22}.Debug|Any CPU.Build.0 = Debug|Any CPU
		{5779A3F7-16ED-436A-A05D-A4A2E8638C22}.Release|Any CPU.ActiveCfg = Release|Any CPU
		{5779A3F7-16ED-436A-A05D-A4A2E8638C22}.Release|Any CPU.Build.0 = Release|Any CPU
	EndGlobalSection
	GlobalSection(SolutionProperties) = preSolution
		HideSolutionNode = FALSE
	EndGlobalSection
	GlobalSection(ExtensibilityGlobals) = postSolution
		SolutionGuid = {CB229AE0-049B-4F1A-AC22-1D29C527E565}
	EndGlobalSection
EndGlobal
